// !$*UTF8*$!
{
	archiveVersion = 1;
	classes = {
	};
	objectVersion = 46;
	objects = {

		2EC6717CF1E41BB025E4DEAC = {isa = PBXBuildFile; fileRef = 2B9D8D36BF2B228015EBF714; };
		A28EC3FB948E13D9F1A9BC1D = {isa = PBXBuildFile; fileRef = 1C1852BF0E187FE7E7FC5F0F; };
		DB15307E81C48C064C8609F3 = {isa = PBXBuildFile; fileRef = 46500F9F7FD00F9C5512EC76; };
		19B6178C991D405790332DC6 = {isa = PBXBuildFile; fileRef = 73BB6785C429D7293FC4A87E; };
		D6F19442A397B76409B64922 = {isa = PBXBuildFile; fileRef = D8CC46CE641B386460AFD184; };
		93F05D8A68B6068D216FB507 = {isa = PBXBuildFile; fileRef = 60F954BEE45168DD3CB43D59; };
		892A199B98FB27A9BD6506F2 = {isa = PBXBuildFile; fileRef = 881AFF85F62DD05993D2CEE2; };
		BC9509FDE5FE9EA7598D7475 = {isa = PBXBuildFile; fileRef = 09DD75956EEA94F7823498A5; };
		6B495E3629B82105A740AB66 = {isa = PBXBuildFile; fileRef = 61FE9553E35E2809B3A77DD0; };
		F33732A8F96AD4F9AA14B113 = {isa = PBXBuildFile; fileRef = 95F50BC9D30439E56E9DC4CE; };
		7CA2504B364E2337C6AB7995 = {isa = PBXBuildFile; fileRef = 8246C4DB0FF9E96FC53C6F05; };
		017B887BFD6C4032387984CC = {isa = PBXBuildFile; fileRef = 4E2F9BDFB3C35E5065345C9B; };
		1279194856BA39F7E4379C20 = {isa = PBXBuildFile; fileRef = 5401C85E3C8C4FE01CC9EC15; };
		D8D601BB6D1B54A368F2AD0E = {isa = PBXBuildFile; fileRef = 63E1A53F1FE212B66E48A5D5; };
		55AF3C927471C4F22D478DB3 = {isa = PBXBuildFile; fileRef = E79DB575BAF2A43025F1EB8E; };
		CB2EAF16F7A857EFEE96451B = {isa = PBXBuildFile; fileRef = 0E43B0AF4F40F19BB841CC5D; };
		A7B0C4272E78F051A6C83D39 = {isa = PBXBuildFile; fileRef = 5549CF7DE3B2BBEF129C6718; };
		4D2515A7A5988076385D91F8 = {isa = PBXBuildFile; fileRef = 4DDF4A87CEA427EBEA35CA0E; };
		3A9E07D9F5C5F39A6453733B = {isa = PBXBuildFile; fileRef = A89D83DBF181E322E3C9C991; };
		CB08D08206A777B8989FF751 = {isa = PBXBuildFile; fileRef = 89CD720082B1CF0730E6E3C0; };
		FC64E0DA989B06A930511B48 = {isa = PBXBuildFile; fileRef = 3780638FCD6E6368E22379E3; };
		D5F8278C96B4ED52F38AB5C1 = {isa = PBXBuildFile; fileRef = CE55BB779B6F0703FF875387; };
		F9DD0320E2E3B2456BDBFCDA = {isa = PBXBuildFile; fileRef = B1DABE936EC48D5B5AC65826; };
		4CE38B9F63377358792C5C07 = {isa = PBXBuildFile; fileRef = 765CFDF3829E571CC50F49A7; };
		A640417416035A3573219A12 = {isa = PBXBuildFile; fileRef = EF9079C4D2922406899F98F6; };
		2F54A558F5A22D7247F8B914 = {isa = PBXBuildFile; fileRef = 4DDE494E8F3FA5FC2CE0A3FF; };
		DC09143DB80729B69938A04D = {isa = PBXBuildFile; fileRef = 9EDEDE77A75F752F58915DA0; };
		4570F8A4CD97B4063D9190EA = {isa = PBXBuildFile; fileRef = 4493A0A4C76714BAFD6DE19E; };
		9AFACF666F015F67478FD7DD = {isa = PBXBuildFile; fileRef = AC3155404B8888D38F1422D8; };
		E8EF642D064C82767AB66275 = {isa = PBXBuildFile; fileRef = BF838B9050062720083B136D; };
		2A8E8EE48703213625FE1D6B = {isa = PBXBuildFile; fileRef = 8A4D0DDD52D1BF9AA7EACC7F; };
		5DFC828362485352B7EF0DDF = {isa = PBXBuildFile; fileRef = BE230E802A5A5C03BCD7A4B6; };
		9BBB2176F38EC0F34CDF1A0C = {isa = PBXBuildFile; fileRef = 430F95529F98124E76868B97; };
		1EB03CD52A07F92B58677B5A = {isa = PBXBuildFile; fileRef = 8080D3464D531123A385789D; };
		17E869D73AA82684788C512A = {isa = PBXBuildFile; fileRef = D398A49E1EE5B95C6EFE8A7A; };
		D9C550B985BEEB0E64A19375 = {isa = PBXBuildFile; fileRef = 1DC95B08039323DF56FFE4B6; };
		DD2101DEF77F90F9DE6750FD = {isa = PBXBuildFile; fileRef = 08AA220DB9B8B171067B5868; };
		3478807DFDC638E328913BAB = {isa = PBXBuildFile; fileRef = 9C4E881BD0112DD842E5E088; };
		2509406F668259C7185CF4FB = {isa = PBXBuildFile; fileRef = BF2D333B3CF68466462C0199; };
		56ADF69D90CCC04A454FE198 = {isa = PBXBuildFile; fileRef = 8E73CC48A1695C51350C22DD; };
		00681759715DD1CE8EC7C1D0 = {isa = PBXFileReference; lastKnownFileType = file; name = "juce_gui_basics"; path = "../../JuceLibraryCode/modules/juce_gui_basics"; sourceTree = "SOURCE_ROOT"; };
		0651577A8196E8298716C9ED = {isa = PBXFileReference; lastKnownFileType = file; name = "juce_audio_formats"; path = "../../JuceLibraryCode/modules/juce_audio_formats"; sourceTree = "SOURCE_ROOT"; };
		08AA220DB9B8B171067B5868 = {isa = PBXFileReference; lastKnownFileType = sourcecode.cpp.objcpp; name = "include_juce_gui_basics.mm"; path = "../../JuceLibraryCode/include_juce_gui_basics.mm"; sourceTree = "SOURCE_ROOT"; };
		098529B75438E7AE2B87D195 = {isa = PBXFileReference; lastKnownFileType = file; name = "juce_audio_utils"; path = "../../JuceLibraryCode/modules/juce_audio_utils"; sourceTree = "SOURCE_ROOT"; };
		09DD75956EEA94F7823498A5 = {isa = PBXFileReference; lastKnownFileType = wrapper.framework; name = CoreMedia.framework; path = System/Library/Frameworks/CoreMedia.framework; sourceTree = SDKROOT; };
		0AF9D5573FCBA9107CE9F25B = {isa = PBXFileReference; lastKnownFileType = file; name = "juce_audio_basics"; path = "../../JuceLibraryCode/modules/juce_audio_basics"; sourceTree = "SOURCE_ROOT"; };
		0E43B0AF4F40F19BB841CC5D = {isa = PBXFileReference; lastKnownFileType = sourcecode.cpp.cpp; name = fft.cpp; path = ../../Source/MaxiLib/fft.cpp; sourceTree = "SOURCE_ROOT"; };
		1403C8DE26F17E83C5EF769A = {isa = PBXFileReference; lastKnownFileType = sourcecode.c.h; name = modelSetEmbindings.h; path = ../../Source/RapidLib/modelSetEmbindings.h; sourceTree = "SOURCE_ROOT"; };
		1C1852BF0E187FE7E7FC5F0F = {isa = PBXFileReference; lastKnownFileType = wrapper.framework; name = Accelerate.framework; path = System/Library/Frameworks/Accelerate.framework; sourceTree = SDKROOT; };
		1DC95B08039323DF56FFE4B6 = {isa = PBXFileReference; lastKnownFileType = sourcecode.cpp.objcpp; name = "include_juce_graphics.mm"; path = "../../JuceLibraryCode/include_juce_graphics.mm"; sourceTree = "SOURCE_ROOT"; };
		27F9C40D94FA6F1F373DA06B = {isa = PBXFileReference; lastKnownFileType = file; name = "juce_graphics"; path = "../../JuceLibraryCode/modules/juce_graphics"; sourceTree = "SOURCE_ROOT"; };
		2B9D8D36BF2B228015EBF714 = {isa = PBXFileReference; explicitFileType = wrapper.application; includeInIndex = 0; path = DemoSubtractiveSynth.app; sourceTree = "BUILT_PRODUCTS_DIR"; };
		3046C9DFBD95975E2B1AACBC = {isa = PBXFileReference; lastKnownFileType = file; name = "juce_audio_devices"; path = "../../JuceLibraryCode/modules/juce_audio_devices"; sourceTree = "SOURCE_ROOT"; };
		317468D11C74D61005D59970 = {isa = PBXFileReference; lastKnownFileType = sourcecode.c.h; name = fft.h; path = ../../Source/MaxiLib/fft.h; sourceTree = "SOURCE_ROOT"; };
		3780638FCD6E6368E22379E3 = {isa = PBXFileReference; lastKnownFileType = sourcecode.cpp.cpp; name = knnClassification.cpp; path = ../../Source/RapidLib/knnClassification.cpp; sourceTree = "SOURCE_ROOT"; };
		430F95529F98124E76868B97 = {isa = PBXFileReference; lastKnownFileType = sourcecode.cpp.objcpp; name = "include_juce_cryptography.mm"; path = "../../JuceLibraryCode/include_juce_cryptography.mm"; sourceTree = "SOURCE_ROOT"; };
		4493A0A4C76714BAFD6DE19E = {isa = PBXFileReference; lastKnownFileType = sourcecode.cpp.objcpp; name = "include_juce_audio_devices.mm"; path = "../../JuceLibraryCode/include_juce_audio_devices.mm"; sourceTree = "SOURCE_ROOT"; };
		46500F9F7FD00F9C5512EC76 = {isa = PBXFileReference; lastKnownFileType = wrapper.framework; name = AudioToolbox.framework; path = System/Library/Frameworks/AudioToolbox.framework; sourceTree = SDKROOT; };
		4DDE494E8F3FA5FC2CE0A3FF = {isa = PBXFileReference; lastKnownFileType = sourcecode.cpp.cpp; name = Main.cpp; path = ../../Source/Main.cpp; sourceTree = "SOURCE_ROOT"; };
		4DDF4A87CEA427EBEA35CA0E = {isa = PBXFileReference; lastKnownFileType = sourcecode.cpp.cpp; name = maximilian.cpp; path = ../../Source/MaxiLib/maximilian.cpp; sourceTree = "SOURCE_ROOT"; };
		4E2F9BDFB3C35E5065345C9B = {isa = PBXFileReference; lastKnownFileType = wrapper.framework; name = OpenGL.framework; path = System/Library/Frameworks/OpenGL.framework; sourceTree = SDKROOT; };
		4EB741A1C817234EFB54A731 = {isa = PBXFileReference; lastKnownFileType = file; name = "juce_data_structures"; path = "../../JuceLibraryCode/modules/juce_data_structures"; sourceTree = "SOURCE_ROOT"; };
		5401C85E3C8C4FE01CC9EC15 = {isa = PBXFileReference; lastKnownFileType = wrapper.framework; name = QuartzCore.framework; path = System/Library/Frameworks/QuartzCore.framework; sourceTree = SDKROOT; };
		5549CF7DE3B2BBEF129C6718 = {isa = PBXFileReference; lastKnownFileType = sourcecode.cpp.cpp; name = maxiFFT.cpp; path = ../../Source/MaxiLib/maxiFFT.cpp; sourceTree = "SOURCE_ROOT"; };
		5E19CA80689D1A7F6B28D530 = {isa = PBXFileReference; lastKnownFileType = sourcecode.c.h; name = knnClassification.h; path = ../../Source/RapidLib/knnClassification.h; sourceTree = "SOURCE_ROOT"; };
		5EB5BFD77407326296D8C3D8 = {isa = PBXFileReference; lastKnownFileType = sourcecode.c.h; name = neuralNetwork.h; path = ../../Source/RapidLib/neuralNetwork.h; sourceTree = "SOURCE_ROOT"; };
		60F954BEE45168DD3CB43D59 = {isa = PBXFileReference; lastKnownFileType = wrapper.framework; name = Cocoa.framework; path = System/Library/Frameworks/Cocoa.framework; sourceTree = SDKROOT; };
		61FE9553E35E2809B3A77DD0 = {isa = PBXFileReference; lastKnownFileType = wrapper.framework; name = CoreMIDI.framework; path = System/Library/Frameworks/CoreMIDI.framework; sourceTree = SDKROOT; };
		63E1A53F1FE212B66E48A5D5 = {isa = PBXFileReference; lastKnownFileType = wrapper.framework; name = WebKit.framework; path = System/Library/Frameworks/WebKit.framework; sourceTree = SDKROOT; };
		66F15E0F8E79B06180432C23 = {isa = PBXFileReference; lastKnownFileType = sourcecode.c.h; name = maxiFFT.h; path = ../../Source/MaxiLib/maxiFFT.h; sourceTree = "SOURCE_ROOT"; };
		688C337EBA43B32ED4F14070 = {isa = PBXFileReference; lastKnownFileType = sourcecode.c.h; name = baseModel.h; path = ../../Source/RapidLib/baseModel.h; sourceTree = "SOURCE_ROOT"; };
		72ABA0C2A688AA0226813972 = {isa = PBXFileReference; lastKnownFileType = file; name = "juce_gui_extra"; path = "../../JuceLibraryCode/modules/juce_gui_extra"; sourceTree = "SOURCE_ROOT"; };
		73BB6785C429D7293FC4A87E = {isa = PBXFileReference; lastKnownFileType = wrapper.framework; name = AVFoundation.framework; path = System/Library/Frameworks/AVFoundation.framework; sourceTree = SDKROOT; };
		765CFDF3829E571CC50F49A7 = {isa = PBXFileReference; lastKnownFileType = sourcecode.cpp.cpp; name = regression.cpp; path = ../../Source/RapidLib/regression.cpp; sourceTree = "SOURCE_ROOT"; };
		794F9E046CE0C361CFF6D4F4 = {isa = PBXFileReference; lastKnownFileType = sourcecode.c.h; name = classification.h; path = ../../Source/RapidLib/classification.h; sourceTree = "SOURCE_ROOT"; };
		8080D3464D531123A385789D = {isa = PBXFileReference; lastKnownFileType = sourcecode.cpp.objcpp; name = "include_juce_data_structures.mm"; path = "../../JuceLibraryCode/include_juce_data_structures.mm"; sourceTree = "SOURCE_ROOT"; };
		8246C4DB0FF9E96FC53C6F05 = {isa = PBXFileReference; lastKnownFileType = wrapper.framework; name = IOKit.framework; path = System/Library/Frameworks/IOKit.framework; sourceTree = SDKROOT; };
		82831E19A63D791A020FBF5D = {isa = PBXFileReference; lastKnownFileType = sourcecode.c.h; name = "json-forwards.h"; path = "../../Source/RapidLib/json/json-forwards.h"; sourceTree = "SOURCE_ROOT"; };
		881AFF85F62DD05993D2CEE2 = {isa = PBXFileReference; lastKnownFileType = wrapper.framework; name = CoreAudio.framework; path = System/Library/Frameworks/CoreAudio.framework; sourceTree = SDKROOT; };
		89CD720082B1CF0730E6E3C0 = {isa = PBXFileReference; lastKnownFileType = sourcecode.cpp.cpp; name = jsoncpp.cpp; path = ../../Source/RapidLib/jsoncpp.cpp; sourceTree = "SOURCE_ROOT"; };
		8A4D0DDD52D1BF9AA7EACC7F = {isa = PBXFileReference; lastKnownFileType = sourcecode.cpp.objcpp; name = "include_juce_audio_utils.mm"; path = "../../JuceLibraryCode/include_juce_audio_utils.mm"; sourceTree = "SOURCE_ROOT"; };
		8E73CC48A1695C51350C22DD = {isa = PBXFileReference; lastKnownFileType = sourcecode.cpp.objcpp; name = "include_juce_video.mm"; path = "../../JuceLibraryCode/include_juce_video.mm"; sourceTree = "SOURCE_ROOT"; };
		95F50BC9D30439E56E9DC4CE = {isa = PBXFileReference; lastKnownFileType = wrapper.framework; name = DiscRecording.framework; path = System/Library/Frameworks/DiscRecording.framework; sourceTree = SDKROOT; };
		9C4E881BD0112DD842E5E088 = {isa = PBXFileReference; lastKnownFileType = sourcecode.cpp.objcpp; name = "include_juce_gui_extra.mm"; path = "../../JuceLibraryCode/include_juce_gui_extra.mm"; sourceTree = "SOURCE_ROOT"; };
		9EDEDE77A75F752F58915DA0 = {isa = PBXFileReference; lastKnownFileType = sourcecode.cpp.objcpp; name = "include_juce_audio_basics.mm"; path = "../../JuceLibraryCode/include_juce_audio_basics.mm"; sourceTree = "SOURCE_ROOT"; };
		9F28878FACD26CDBF909051A = {isa = PBXFileReference; lastKnownFileType = sourcecode.c.h; name = classificationEmbindings.h; path = ../../Source/RapidLib/classificationEmbindings.h; sourceTree = "SOURCE_ROOT"; };
		A7E7F1131F43A28D9B5D5CB2 = {isa = PBXFileReference; lastKnownFileType = text.plist.xml; name = "Info-App.plist"; path = "Info-App.plist"; sourceTree = "SOURCE_ROOT"; };
		A89D83DBF181E322E3C9C991 = {isa = PBXFileReference; lastKnownFileType = sourcecode.cpp.cpp; name = classification.cpp; path = ../../Source/RapidLib/classification.cpp; sourceTree = "SOURCE_ROOT"; };
		AB68BB2023F8D9E74FBDADBD = {isa = PBXFileReference; lastKnownFileType = sourcecode.c.h; name = JuceHeader.h; path = ../../JuceLibraryCode/JuceHeader.h; sourceTree = "SOURCE_ROOT"; };
		AC3155404B8888D38F1422D8 = {isa = PBXFileReference; lastKnownFileType = sourcecode.cpp.objcpp; name = "include_juce_audio_formats.mm"; path = "../../JuceLibraryCode/include_juce_audio_formats.mm"; sourceTree = "SOURCE_ROOT"; };
		B0AA90555062CC09F914A9CA = {isa = PBXFileReference; lastKnownFileType = sourcecode.c.h; name = AppConfig.h; path = ../../JuceLibraryCode/AppConfig.h; sourceTree = "SOURCE_ROOT"; };
		B1DABE936EC48D5B5AC65826 = {isa = PBXFileReference; lastKnownFileType = sourcecode.cpp.cpp; name = neuralNetwork.cpp; path = ../../Source/RapidLib/neuralNetwork.cpp; sourceTree = "SOURCE_ROOT"; };
		B57ABD2E88E1052562C96D3A = {isa = PBXFileReference; lastKnownFileType = file; name = "juce_opengl"; path = "../../JuceLibraryCode/modules/juce_opengl"; sourceTree = "SOURCE_ROOT"; };
		B70E3EC360F88FBDA751F5DA = {isa = PBXFileReference; lastKnownFileType = sourcecode.c.h; name = regressionEmbindings.h; path = ../../Source/RapidLib/regressionEmbindings.h; sourceTree = "SOURCE_ROOT"; };
		B9F9A064DEDE0D2646B19BB0 = {isa = PBXFileReference; lastKnownFileType = file; name = "juce_cryptography"; path = "../../JuceLibraryCode/modules/juce_cryptography"; sourceTree = "SOURCE_ROOT"; };
		BC2FD7B8B8925F4A76033506 = {isa = PBXFileReference; lastKnownFileType = sourcecode.c.h; name = maximilian.h; path = ../../Source/MaxiLib/maximilian.h; sourceTree = "SOURCE_ROOT"; };
		BE230E802A5A5C03BCD7A4B6 = {isa = PBXFileReference; lastKnownFileType = sourcecode.cpp.objcpp; name = "include_juce_core.mm"; path = "../../JuceLibraryCode/include_juce_core.mm"; sourceTree = "SOURCE_ROOT"; };
		BF2D333B3CF68466462C0199 = {isa = PBXFileReference; lastKnownFileType = sourcecode.cpp.objcpp; name = "include_juce_opengl.mm"; path = "../../JuceLibraryCode/include_juce_opengl.mm"; sourceTree = "SOURCE_ROOT"; };
		BF838B9050062720083B136D = {isa = PBXFileReference; lastKnownFileType = sourcecode.cpp.objcpp; name = "include_juce_audio_processors.mm"; path = "../../JuceLibraryCode/include_juce_audio_processors.mm"; sourceTree = "SOURCE_ROOT"; };
		C2DB36F2C8B229EE98B64765 = {isa = PBXFileReference; lastKnownFileType = sourcecode.c.h; name = knnEmbindings.h; path = ../../Source/RapidLib/knnEmbindings.h; sourceTree = "SOURCE_ROOT"; };
		C305CF135F305DB047DA0509 = {isa = PBXFileReference; lastKnownFileType = sourcecode.c.h; name = modelSet.h; path = ../../Source/RapidLib/modelSet.h; sourceTree = "SOURCE_ROOT"; };
		CE55BB779B6F0703FF875387 = {isa = PBXFileReference; lastKnownFileType = sourcecode.cpp.cpp; name = modelSet.cpp; path = ../../Source/RapidLib/modelSet.cpp; sourceTree = "SOURCE_ROOT"; };
		CF5C2167A53D74E533ED285E = {isa = PBXFileReference; lastKnownFileType = file; name = "juce_core"; path = "../../JuceLibraryCode/modules/juce_core"; sourceTree = "SOURCE_ROOT"; };
		D398A49E1EE5B95C6EFE8A7A = {isa = PBXFileReference; lastKnownFileType = sourcecode.cpp.objcpp; name = "include_juce_events.mm"; path = "../../JuceLibraryCode/include_juce_events.mm"; sourceTree = "SOURCE_ROOT"; };
		D69346595B9BF4DD7BA53807 = {isa = PBXFileReference; lastKnownFileType = sourcecode.c.h; name = regression.h; path = ../../Source/RapidLib/regression.h; sourceTree = "SOURCE_ROOT"; };
		D8CC46CE641B386460AFD184 = {isa = PBXFileReference; lastKnownFileType = wrapper.framework; name = Carbon.framework; path = System/Library/Frameworks/Carbon.framework; sourceTree = SDKROOT; };
		DBE8A7F7D57876B76DFEADDD = {isa = PBXFileReference; lastKnownFileType = file; name = "juce_video"; path = "../../JuceLibraryCode/modules/juce_video"; sourceTree = "SOURCE_ROOT"; };
		E154567371EE598DCB731C73 = {isa = PBXFileReference; lastKnownFileType = file; name = "juce_audio_processors"; path = "../../JuceLibraryCode/modules/juce_audio_processors"; sourceTree = "SOURCE_ROOT"; };
		E5B14282F0AA7D9755D02173 = {isa = PBXFileReference; lastKnownFileType = file; name = "juce_events"; path = "../../JuceLibraryCode/modules/juce_events"; sourceTree = "SOURCE_ROOT"; };
		E79DB575BAF2A43025F1EB8E = {isa = PBXFileReference; lastKnownFileType = file.nib; name = RecentFilesMenuTemplate.nib; path = RecentFilesMenuTemplate.nib; sourceTree = "SOURCE_ROOT"; };
		E7D30B031FA4A20A914E52D4 = {isa = PBXFileReference; lastKnownFileType = sourcecode.c.h; name = nnEmbindings.h; path = ../../Source/RapidLib/nnEmbindings.h; sourceTree = "SOURCE_ROOT"; };
		EF13B9918853D779FF3B2B3E = {isa = PBXFileReference; lastKnownFileType = sourcecode.c.h; name = json.h; path = ../../Source/RapidLib/json/json.h; sourceTree = "SOURCE_ROOT"; };
		EF9079C4D2922406899F98F6 = {isa = PBXFileReference; lastKnownFileType = sourcecode.cpp.cpp; name = MainComponent.cpp; path = ../../Source/MainComponent.cpp; sourceTree = "SOURCE_ROOT"; };
		55505868102630FFEAEA52C5 = {isa = PBXGroup; children = (
					0E43B0AF4F40F19BB841CC5D,
					317468D11C74D61005D59970,
					5549CF7DE3B2BBEF129C6718,
					66F15E0F8E79B06180432C23,
					4DDF4A87CEA427EBEA35CA0E,
					BC2FD7B8B8925F4A76033506, ); name = MaxiLib; sourceTree = "<group>"; };
		4A76A106C4ED21997CEC7E4B = {isa = PBXGroup; children = (
					82831E19A63D791A020FBF5D,
					EF13B9918853D779FF3B2B3E, ); name = json; sourceTree = "<group>"; };
		C18A1626AB6ADF6D03D45D2E = {isa = PBXGroup; children = (
					4A76A106C4ED21997CEC7E4B,
					688C337EBA43B32ED4F14070,
					A89D83DBF181E322E3C9C991,
					794F9E046CE0C361CFF6D4F4,
					9F28878FACD26CDBF909051A,
					89CD720082B1CF0730E6E3C0,
					3780638FCD6E6368E22379E3,
					5E19CA80689D1A7F6B28D530,
					C2DB36F2C8B229EE98B64765,
					CE55BB779B6F0703FF875387,
					C305CF135F305DB047DA0509,
					1403C8DE26F17E83C5EF769A,
					B1DABE936EC48D5B5AC65826,
					5EB5BFD77407326296D8C3D8,
					E7D30B031FA4A20A914E52D4,
					765CFDF3829E571CC50F49A7,
					D69346595B9BF4DD7BA53807,
					B70E3EC360F88FBDA751F5DA, ); name = RapidLib; sourceTree = "<group>"; };
		7F625272389D138C29362D3E = {isa = PBXGroup; children = (
					EF9079C4D2922406899F98F6,
					4DDE494E8F3FA5FC2CE0A3FF, ); name = Source; sourceTree = "<group>"; };
		97D088CF767C26442A9EABFA = {isa = PBXGroup; children = (
					55505868102630FFEAEA52C5,
					C18A1626AB6ADF6D03D45D2E,
					7F625272389D138C29362D3E, ); name = DemoSubtractiveSynth; sourceTree = "<group>"; };
		859649FF52CB5CAE8A7954A9 = {isa = PBXGroup; children = (
					0AF9D5573FCBA9107CE9F25B,
					3046C9DFBD95975E2B1AACBC,
					0651577A8196E8298716C9ED,
					E154567371EE598DCB731C73,
					098529B75438E7AE2B87D195,
					CF5C2167A53D74E533ED285E,
					B9F9A064DEDE0D2646B19BB0,
					4EB741A1C817234EFB54A731,
					E5B14282F0AA7D9755D02173,
					27F9C40D94FA6F1F373DA06B,
					00681759715DD1CE8EC7C1D0,
					72ABA0C2A688AA0226813972,
					B57ABD2E88E1052562C96D3A,
					DBE8A7F7D57876B76DFEADDD, ); name = "Juce Modules"; sourceTree = "<group>"; };
		5CCCBC31598E7BF80CC7CD42 = {isa = PBXGroup; children = (
					B0AA90555062CC09F914A9CA,
					9EDEDE77A75F752F58915DA0,
					4493A0A4C76714BAFD6DE19E,
					AC3155404B8888D38F1422D8,
					BF838B9050062720083B136D,
					8A4D0DDD52D1BF9AA7EACC7F,
					BE230E802A5A5C03BCD7A4B6,
					430F95529F98124E76868B97,
					8080D3464D531123A385789D,
					D398A49E1EE5B95C6EFE8A7A,
					1DC95B08039323DF56FFE4B6,
					08AA220DB9B8B171067B5868,
					9C4E881BD0112DD842E5E088,
					BF2D333B3CF68466462C0199,
					8E73CC48A1695C51350C22DD,
					AB68BB2023F8D9E74FBDADBD, ); name = "Juce Library Code"; sourceTree = "<group>"; };
		2E903C80006E26A390895644 = {isa = PBXGroup; children = (
					A7E7F1131F43A28D9B5D5CB2,
					E79DB575BAF2A43025F1EB8E, ); name = Resources; sourceTree = "<group>"; };
		EA8412FA918BABDF64CC9C9C = {isa = PBXGroup; children = (
					1C1852BF0E187FE7E7FC5F0F,
					46500F9F7FD00F9C5512EC76,
					73BB6785C429D7293FC4A87E,
					D8CC46CE641B386460AFD184,
					60F954BEE45168DD3CB43D59,
					881AFF85F62DD05993D2CEE2,
					09DD75956EEA94F7823498A5,
					61FE9553E35E2809B3A77DD0,
					95F50BC9D30439E56E9DC4CE,
					8246C4DB0FF9E96FC53C6F05,
					4E2F9BDFB3C35E5065345C9B,
					5401C85E3C8C4FE01CC9EC15,
					63E1A53F1FE212B66E48A5D5, ); name = Frameworks; sourceTree = "<group>"; };
		9EB6144C974CBFE67B5373E8 = {isa = PBXGroup; children = (
					2B9D8D36BF2B228015EBF714, ); name = Products; sourceTree = "<group>"; };
		850448BB028FED320C089D1B = {isa = PBXGroup; children = (
					97D088CF767C26442A9EABFA,
					859649FF52CB5CAE8A7954A9,
					5CCCBC31598E7BF80CC7CD42,
					2E903C80006E26A390895644,
					EA8412FA918BABDF64CC9C9C,
					9EB6144C974CBFE67B5373E8, ); name = Source; sourceTree = "<group>"; };
		C08F85C072E440447D1BA95E = {isa = XCBuildConfiguration; buildSettings = {
				CLANG_CXX_LANGUAGE_STANDARD = "c++0x";
				CLANG_LINK_OBJC_RUNTIME = NO;
				COMBINE_HIDPI_IMAGES = YES;
				CONFIGURATION_BUILD_DIR = "$(PROJECT_DIR)/build/$(CONFIGURATION)";
				COPY_PHASE_STRIP = NO;
				GCC_DYNAMIC_NO_PIC = NO;
				GCC_OPTIMIZATION_LEVEL = 0;
				GCC_PREPROCESSOR_DEFINITIONS = (
					"_DEBUG=1",
					"DEBUG=1",
					"JUCER_XCODE_MAC_F6D2F4CF=1",
					"JUCE_APP_VERSION=1.0.0",
					"JUCE_APP_VERSION_HEX=0x10000",
					"JucePlugin_Build_VST=0",
					"JucePlugin_Build_VST3=0",
					"JucePlugin_Build_AU=0",
					"JucePlugin_Build_AUv3=0",
					"JucePlugin_Build_RTAS=0",
					"JucePlugin_Build_AAX=0",
					"JucePlugin_Build_Standalone=0", );
				GCC_VERSION = com.apple.compilers.llvm.clang.1_0;
				HEADER_SEARCH_PATHS = ("../../JuceLibraryCode", "../../JuceLibraryCode/modules", "/juce_audio_plugin_client", "$(inherited)");
				INFOPLIST_FILE = Info-App.plist;
				INSTALL_PATH = "$(HOME)/Applications";
				MACOSX_DEPLOYMENT_TARGET = 10.11;
				MACOSX_DEPLOYMENT_TARGET_ppc = 10.4;
				PRODUCT_BUNDLE_IDENTIFIER = com.yourcompany.DemoSubtractiveSynth;
				SDKROOT_ppc = macosx10.5; }; name = Debug; };
		A831B9DCCBFC30C9D937977D = {isa = XCBuildConfiguration; buildSettings = {
				CLANG_CXX_LANGUAGE_STANDARD = "c++0x";
				CLANG_LINK_OBJC_RUNTIME = NO;
				COMBINE_HIDPI_IMAGES = YES;
				CONFIGURATION_BUILD_DIR = "$(PROJECT_DIR)/build/$(CONFIGURATION)";
				DEAD_CODE_STRIPPING = YES;
				GCC_GENERATE_DEBUGGING_SYMBOLS = NO;
				GCC_OPTIMIZATION_LEVEL = 3;
				GCC_PREPROCESSOR_DEFINITIONS = (
					"_NDEBUG=1",
					"NDEBUG=1",
					"JUCER_XCODE_MAC_F6D2F4CF=1",
					"JUCE_APP_VERSION=1.0.0",
					"JUCE_APP_VERSION_HEX=0x10000",
					"JucePlugin_Build_VST=0",
					"JucePlugin_Build_VST3=0",
					"JucePlugin_Build_AU=0",
					"JucePlugin_Build_AUv3=0",
					"JucePlugin_Build_RTAS=0",
					"JucePlugin_Build_AAX=0",
					"JucePlugin_Build_Standalone=0", );
				GCC_SYMBOLS_PRIVATE_EXTERN = YES;
				GCC_VERSION = com.apple.compilers.llvm.clang.1_0;
				HEADER_SEARCH_PATHS = ("../../JuceLibraryCode", "../../JuceLibraryCode/modules", "/juce_audio_plugin_client", "$(inherited)");
				INFOPLIST_FILE = Info-App.plist;
				INSTALL_PATH = "$(HOME)/Applications";
				MACOSX_DEPLOYMENT_TARGET = 10.11;
				MACOSX_DEPLOYMENT_TARGET_ppc = 10.4;
				PRODUCT_BUNDLE_IDENTIFIER = com.yourcompany.DemoSubtractiveSynth;
				SDKROOT_ppc = macosx10.5; }; name = Release; };
		789186D939679B7B73A8570A = {isa = XCBuildConfiguration; buildSettings = {
				ALWAYS_SEARCH_USER_PATHS = NO;
				DEBUG_INFORMATION_FORMAT = "dwarf";
				ENABLE_TESTABILITY = YES;
				GCC_C_LANGUAGE_STANDARD = c11;
				GCC_INLINES_ARE_PRIVATE_EXTERN = YES;
				GCC_MODEL_TUNING = G5;
				GCC_WARN_ABOUT_RETURN_TYPE = YES;
				GCC_WARN_CHECK_SWITCH_STATEMENTS = YES;
				GCC_WARN_MISSING_PARENTHESES = YES;
				GCC_WARN_NON_VIRTUAL_DESTRUCTOR = YES;
				GCC_WARN_TYPECHECK_CALLS_TO_PRINTF = YES;
				GCC_WARN_UNUSED_VARIABLE = YES;
				ONLY_ACTIVE_ARCH = YES;
				PRODUCT_NAME = "DemoSubtractiveSynth";
				WARNING_CFLAGS = -Wreorder;
				ZERO_LINK = NO; }; name = Debug; };
		E81A6775B866094E6B49A7E5 = {isa = XCBuildConfiguration; buildSettings = {
				ALWAYS_SEARCH_USER_PATHS = NO;
				DEBUG_INFORMATION_FORMAT = "dwarf";
				GCC_C_LANGUAGE_STANDARD = c11;
				GCC_INLINES_ARE_PRIVATE_EXTERN = YES;
				GCC_MODEL_TUNING = G5;
				GCC_WARN_ABOUT_RETURN_TYPE = YES;
				GCC_WARN_CHECK_SWITCH_STATEMENTS = YES;
				GCC_WARN_MISSING_PARENTHESES = YES;
				GCC_WARN_NON_VIRTUAL_DESTRUCTOR = YES;
				GCC_WARN_TYPECHECK_CALLS_TO_PRINTF = YES;
				GCC_WARN_UNUSED_VARIABLE = YES;
				PRODUCT_NAME = "DemoSubtractiveSynth";
				WARNING_CFLAGS = -Wreorder;
				ZERO_LINK = NO; }; name = Release; };
		56A26E8B7A0CD62DE20170BA = {isa = PBXTargetDependency; target = D168BED92C4261DB171178CD; };
		7B18B78B52D89DF20893258F = {isa = XCConfigurationList; buildConfigurations = (
					789186D939679B7B73A8570A,
					E81A6775B866094E6B49A7E5, ); defaultConfigurationIsVisible = 0; defaultConfigurationName = Debug; };
		D6BCA0BF7F421860EA86BCE6 = {isa = XCConfigurationList; buildConfigurations = (
					C08F85C072E440447D1BA95E,
					A831B9DCCBFC30C9D937977D, ); defaultConfigurationIsVisible = 0; defaultConfigurationName = Debug; };
		515F1F78E7E9A05DBAADB5A5 = {isa = PBXResourcesBuildPhase; buildActionMask = 2147483647; files = (
					55AF3C927471C4F22D478DB3, ); runOnlyForDeploymentPostprocessing = 0; };
		922D71E09B24E34272C5B45F = {isa = PBXSourcesBuildPhase; buildActionMask = 2147483647; files = (
					CB2EAF16F7A857EFEE96451B,
					A7B0C4272E78F051A6C83D39,
					4D2515A7A5988076385D91F8,
					3A9E07D9F5C5F39A6453733B,
					CB08D08206A777B8989FF751,
					FC64E0DA989B06A930511B48,
					D5F8278C96B4ED52F38AB5C1,
					F9DD0320E2E3B2456BDBFCDA,
					4CE38B9F63377358792C5C07,
					A640417416035A3573219A12,
					2F54A558F5A22D7247F8B914,
					DC09143DB80729B69938A04D,
					4570F8A4CD97B4063D9190EA,
					9AFACF666F015F67478FD7DD,
					E8EF642D064C82767AB66275,
					2A8E8EE48703213625FE1D6B,
					5DFC828362485352B7EF0DDF,
					9BBB2176F38EC0F34CDF1A0C,
					1EB03CD52A07F92B58677B5A,
					17E869D73AA82684788C512A,
					D9C550B985BEEB0E64A19375,
					DD2101DEF77F90F9DE6750FD,
					3478807DFDC638E328913BAB,
					2509406F668259C7185CF4FB,
					56ADF69D90CCC04A454FE198, ); runOnlyForDeploymentPostprocessing = 0; };
		70961A0443FB944AC88DEBFD = {isa = PBXFrameworksBuildPhase; buildActionMask = 2147483647; files = (
					A28EC3FB948E13D9F1A9BC1D,
					DB15307E81C48C064C8609F3,
					19B6178C991D405790332DC6,
					D6F19442A397B76409B64922,
					93F05D8A68B6068D216FB507,
					892A199B98FB27A9BD6506F2,
					BC9509FDE5FE9EA7598D7475,
					6B495E3629B82105A740AB66,
					F33732A8F96AD4F9AA14B113,
					7CA2504B364E2337C6AB7995,
					017B887BFD6C4032387984CC,
					1279194856BA39F7E4379C20,
					D8D601BB6D1B54A368F2AD0E, ); runOnlyForDeploymentPostprocessing = 0; };
		D168BED92C4261DB171178CD = {isa = PBXNativeTarget; buildConfigurationList = D6BCA0BF7F421860EA86BCE6; buildPhases = (
					515F1F78E7E9A05DBAADB5A5,
					922D71E09B24E34272C5B45F,
					70961A0443FB944AC88DEBFD, ); buildRules = ( ); dependencies = (  ); name = "DemoSubtractiveSynth - App"; productName = DemoSubtractiveSynth; productReference = 2B9D8D36BF2B228015EBF714; productType = "com.apple.product-type.application"; };
		E212EC14D98B1315B7235702 = {isa = PBXProject; buildConfigurationList = 7B18B78B52D89DF20893258F; attributes = { LastUpgradeCheck = 0830; TargetAttributes = { D168BED92C4261DB171178CD = { SystemCapabilities = {com.apple.InAppPurchase = { enabled = 0; }; com.apple.InterAppAudio = { enabled = 0; }; com.apple.Sandbox = { enabled = 0; }; }; }; }; }; compatibilityVersion = "Xcode 3.2"; hasScannedForEncodings = 0; mainGroup = 850448BB028FED320C089D1B; projectDirPath = ""; projectRoot = ""; targets = (D168BED92C4261DB171178CD); };
	};
	rootObject = E212EC14D98B1315B7235702;
}
